
Microsoft Visual Studio Solution File, Format Version 12.00
# Visual Studio Version 16
VisualStudioVersion = 16.0.31205.134
MinimumVisualStudioVersion = 10.0.40219.1
Project("{FAE04EC0-301F-11D3-BF4B-00C04F79EFBC}") = "HelloWorld", "HelloWorld\HelloWorld.csproj", "{5DC2CB49-5E69-4929-BD5D-2246B134A475}"
EndProject
Global
	GlobalSection(SolutionConfigurationPlatforms) = preSolution
		Debug|Any CPU = Debug|Any CPU
		Release|Any CPU = Release|Any CPU
	EndGlobalSection
	GlobalSection(ProjectConfigurationPlatforms) = postSolution
		{5DC2CB49-5E69-4929-BD5D-2246B134A475}.Debug|Any CPU.ActiveCfg = Debug|Any CPU
		{5DC2CB49-5E69-4929-BD5D-2246B134A475}.Debug|Any CPU.Build.0 = Debug|Any CPU
		{5DC2CB49-5E69-4929-BD5D-2246B134A475}.Release|Any CPU.ActiveCfg = Release|Any CPU
		{5DC2CB49-5E69-4929-BD5D-2246B134A475}.Release|Any CPU.Build.0 = Release|Any CPU
	EndGlobalSection
	GlobalSection(SolutionProperties) = preSolution
		HideSolutionNode = FALSE
	EndGlobalSection
	GlobalSection(ExtensibilityGlobals) = postSolution
		SolutionGuid = {BB7AB188-CD76-4C9C-97B4-62AC213C55AF}
	EndGlobalSection
EndGlobal
