
Microsoft Visual Studio Solution File, Format Version 12.00
# Visual Studio Version 16
VisualStudioVersion = 16.0.31205.134
MinimumVisualStudioVersion = 10.0.40219.1
Project("{FAE04EC0-301F-11D3-BF4B-00C04F79EFBC}") = "FakeXiecheng.API", "FakeXiecheng.API\FakeXiecheng.API.csproj", "{0E05FA9E-0746-4D53-8B85-06E9A403985C}"
EndProject
Global
	GlobalSection(SolutionConfigurationPlatforms) = preSolution
		Debug|Any CPU = Debug|Any CPU
		Release|Any CPU = Release|Any CPU
	EndGlobalSection
	GlobalSection(ProjectConfigurationPlatforms) = postSolution
		{0E05FA9E-0746-4D53-8B85-06E9A403985C}.Debug|Any CPU.ActiveCfg = Debug|Any CPU
		{0E05FA9E-0746-4D53-8B85-06E9A403985C}.Debug|Any CPU.Build.0 = Debug|Any CPU
		{0E05FA9E-0746-4D53-8B85-06E9A403985C}.Release|Any CPU.ActiveCfg = Release|Any CPU
		{0E05FA9E-0746-4D53-8B85-06E9A403985C}.Release|Any CPU.Build.0 = Release|Any CPU
	EndGlobalSection
	GlobalSection(SolutionProperties) = preSolution
		HideSolutionNode = FALSE
	EndGlobalSection
	GlobalSection(ExtensibilityGlobals) = postSolution
		SolutionGuid = {6760FE9A-EDE2-41A5-B20A-F55D945D32D3}
	EndGlobalSection
EndGlobal
